
Microsoft Visual Studio Solution File, Format Version 12.00
# Visual Studio 15
VisualStudioVersion = 15.0.26206.0
MinimumVisualStudioVersion = 10.0.40219.1
Project("{FAE04EC0-301F-11D3-BF4B-00C04F79EFBC}") = "GetLink", "GetLink\GetLink.csproj", "{605F3787-9798-4A0B-A4DA-3E948A7D7F23}"
EndProject
Global
	GlobalSection(SolutionConfigurationPlatforms) = preSolution
		Debug|Any CPU = Debug|Any CPU
		Release|Any CPU = Release|Any CPU
	EndGlobalSection
	GlobalSection(ProjectConfigurationPlatforms) = postSolution
		{605F3787-9798-4A0B-A4DA-3E948A7D7F23}.Debug|Any CPU.ActiveCfg = Debug|Any CPU
		{605F3787-9798-4A0B-A4DA-3E948A7D7F23}.Debug|Any CPU.Build.0 = Debug|Any CPU
		{605F3787-9798-4A0B-A4DA-3E948A7D7F23}.Release|Any CPU.ActiveCfg = Release|Any CPU
		{605F3787-9798-4A0B-A4DA-3E948A7D7F23}.Release|Any CPU.Build.0 = Release|Any CPU
	EndGlobalSection
	GlobalSection(SolutionProperties) = preSolution
		HideSolutionNode = FALSE
	EndGlobalSection
EndGlobal
